<?xml version="1.0" encoding="utf-8"?>
<Project ToolsVersion="16.0" xmlns="http://schemas.microsoft.com/developer/msbuild/2003">
  <ItemGroup>
    <ClCompile Include="D:\github\CMVS-PMVS\program\base\numeric\mylapack.cc">
      <Filter>Source Files</Filter>
    </ClCompile>
  </ItemGroup>
  <ItemGroup>
    <ClInclude Include="D:\github\CMVS-PMVS\program\base\numeric\mat2.h">
      <Filter>Header Files</Filter>
    </ClInclude>
    <ClInclude Include="D:\github\CMVS-PMVS\program\base\numeric\mat3.h">
      <Filter>Header Files</Filter>
    </ClInclude>
    <ClInclude Include="D:\github\CMVS-PMVS\program\base\numeric\mat4.h">
      <Filter>Header Files</Filter>
    </ClInclude>
    <ClInclude Include="D:\github\CMVS-PMVS\program\base\numeric\mylapack.h">
      <Filter>Header Files</Filter>
    </ClInclude>
    <ClInclude Include="D:\github\CMVS-PMVS\program\base\numeric\vec2.h">
      <Filter>Header Files</Filter>
    </ClInclude>
    <ClInclude Include="D:\github\CMVS-PMVS\program\base\numeric\vec3.h">
      <Filter>Header Files</Filter>
    </ClInclude>
    <ClInclude Include="D:\github\CMVS-PMVS\program\base\numeric\vec4.h">
      <Filter>Header Files</Filter>
    </ClInclude>
  </ItemGroup>
  <ItemGroup>
    <CustomBuild Include="D:\github\CMVS-PMVS\program\base\numeric\CMakeLists.txt" />
  </ItemGroup>
  <ItemGroup>
    <Filter Include="Header Files">
      <UniqueIdentifier>{963A1E36-9362-3BAC-AFE0-CA6DF2A233E9}</UniqueIdentifier>
    </Filter>
    <Filter Include="Source Files">
      <UniqueIdentifier>{D5430C73-484C-3B44-B034-86F65951D892}</UniqueIdentifier>
    </Filter>
  </ItemGroup>
</Project>
